
Microsoft Visual Studio Solution File, Format Version 12.00
# Visual Studio 15
VisualStudioVersion = 15.0.27703.1
MinimumVisualStudioVersion = 10.0.40219.1
Project("{8BC9CEB8-8B4A-11D0-8D11-00A0C91BC942}") = "SelectionSort", "SelectionSort\SelectionSort.vcxproj", "{E5394140-08F1-42F5-8404-4CA7DAE9D201}"
EndProject
Global
	GlobalSection(SolutionConfigurationPlatforms) = preSolution
		Debug|x64 = Debug|x64
		Debug|x86 = Debug|x86
		Release|x64 = Release|x64
		Release|x86 = Release|x86
	EndGlobalSection
	GlobalSection(ProjectConfigurationPlatforms) = postSolution
		{E5394140-08F1-42F5-8404-4CA7DAE9D201}.Debug|x64.ActiveCfg = Debug|x64
		{E5394140-08F1-42F5-8404-4CA7DAE9D201}.Debug|x64.Build.0 = Debug|x64
		{E5394140-08F1-42F5-8404-4CA7DAE9D201}.Debug|x86.ActiveCfg = Debug|Win32
		{E5394140-08F1-42F5-8404-4CA7DAE9D201}.Debug|x86.Build.0 = Debug|Win32
		{E5394140-08F1-42F5-8404-4CA7DAE9D201}.Release|x64.ActiveCfg = Release|x64
		{E5394140-08F1-42F5-8404-4CA7DAE9D201}.Release|x64.Build.0 = Release|x64
		{E5394140-08F1-42F5-8404-4CA7DAE9D201}.Release|x86.ActiveCfg = Release|Win32
		{E5394140-08F1-42F5-8404-4CA7DAE9D201}.Release|x86.Build.0 = Release|Win32
	EndGlobalSection
	GlobalSection(SolutionProperties) = preSolution
		HideSolutionNode = FALSE
	EndGlobalSection
	GlobalSection(ExtensibilityGlobals) = postSolution
		SolutionGuid = {876B9612-1F90-45DA-ACF0-1951B112AA7B}
	EndGlobalSection
EndGlobal
