
Microsoft Visual Studio Solution File, Format Version 12.00
# Visual Studio 15
VisualStudioVersion = 15.0.27703.1
MinimumVisualStudioVersion = 10.0.40219.1
Project("{8BC9CEB8-8B4A-11D0-8D11-00A0C91BC942}") = "binaryRelation", "binaryRelation\binaryRelation.vcxproj", "{C904F78F-D5CE-4073-917C-E7B6A6F6FE68}"
EndProject
Global
	GlobalSection(SolutionConfigurationPlatforms) = preSolution
		Debug|x64 = Debug|x64
		Debug|x86 = Debug|x86
		Release|x64 = Release|x64
		Release|x86 = Release|x86
	EndGlobalSection
	GlobalSection(ProjectConfigurationPlatforms) = postSolution
		{C904F78F-D5CE-4073-917C-E7B6A6F6FE68}.Debug|x64.ActiveCfg = Debug|x64
		{C904F78F-D5CE-4073-917C-E7B6A6F6FE68}.Debug|x64.Build.0 = Debug|x64
		{C904F78F-D5CE-4073-917C-E7B6A6F6FE68}.Debug|x86.ActiveCfg = Debug|Win32
		{C904F78F-D5CE-4073-917C-E7B6A6F6FE68}.Debug|x86.Build.0 = Debug|Win32
		{C904F78F-D5CE-4073-917C-E7B6A6F6FE68}.Release|x64.ActiveCfg = Release|x64
		{C904F78F-D5CE-4073-917C-E7B6A6F6FE68}.Release|x64.Build.0 = Release|x64
		{C904F78F-D5CE-4073-917C-E7B6A6F6FE68}.Release|x86.ActiveCfg = Release|Win32
		{C904F78F-D5CE-4073-917C-E7B6A6F6FE68}.Release|x86.Build.0 = Release|Win32
	EndGlobalSection
	GlobalSection(SolutionProperties) = preSolution
		HideSolutionNode = FALSE
	EndGlobalSection
	GlobalSection(ExtensibilityGlobals) = postSolution
		SolutionGuid = {3E4AEB0C-B1F5-4692-B09E-A04F97F720E7}
	EndGlobalSection
EndGlobal
